# This file is generated by running "yarn install" inside your project.
# Manual changes might be lost - proceed with caution!

__metadata:
  version: 6

"readliner@workspace:.":
  version: 0.0.0-use.local
  resolution: "readliner@workspace:."
  bin:
    readliner: ./bin/readliner
  languageName: unknown
  linkType: soft
